
Microsoft Visual Studio Solution File, Format Version 12.00
# Visual Studio 14
VisualStudioVersion = 14.0.25420.1
MinimumVisualStudioVersion = 10.0.40219.1
Project("{FAE04EC0-301F-11D3-BF4B-00C04F79EFBC}") = "GreenTeamBaseBall", "GreenTeamBaseBall\GreenTeamBaseBall.csproj", "{C86D4286-C4EA-437C-B102-24C9F77412F0}"
EndProject
Project("{FAE04EC0-301F-11D3-BF4B-00C04F79EFBC}") = "GreenTeamBaseBallWCFAPI", "GreenTeamBaseBallWCFAPI\GreenTeamBaseBallWCFAPI.csproj", "{EB7C4599-CB41-4DF5-9C7F-225D2E1D8019}"
EndProject
Project("{FAE04EC0-301F-11D3-BF4B-00C04F79EFBC}") = "GreenTeamBaseBallDataBaseConnector", "GreenTeamBaseBallDataBaseConnector\GreenTeamBaseBallDataBaseConnector.csproj", "{A271E3FC-A8CD-4651-A8F3-F7EC58E57767}"
EndProject
Project("{FAE04EC0-301F-11D3-BF4B-00C04F79EFBC}") = "GreenTeamBaseBallWebApp", "GreenTeamBaseBallWebApp\GreenTeamBaseBallWebApp.csproj", "{A9CBBB94-7C5E-47AD-B56E-7331865723CF}"
EndProject
Global
	GlobalSection(SolutionConfigurationPlatforms) = preSolution
		Debug|Any CPU = Debug|Any CPU
		Release|Any CPU = Release|Any CPU
	EndGlobalSection
	GlobalSection(ProjectConfigurationPlatforms) = postSolution
		{C86D4286-C4EA-437C-B102-24C9F77412F0}.Debug|Any CPU.ActiveCfg = Debug|Any CPU
		{C86D4286-C4EA-437C-B102-24C9F77412F0}.Debug|Any CPU.Build.0 = Debug|Any CPU
		{C86D4286-C4EA-437C-B102-24C9F77412F0}.Release|Any CPU.ActiveCfg = Release|Any CPU
		{C86D4286-C4EA-437C-B102-24C9F77412F0}.Release|Any CPU.Build.0 = Release|Any CPU
		{EB7C4599-CB41-4DF5-9C7F-225D2E1D8019}.Debug|Any CPU.ActiveCfg = Debug|Any CPU
		{EB7C4599-CB41-4DF5-9C7F-225D2E1D8019}.Debug|Any CPU.Build.0 = Debug|Any CPU
		{EB7C4599-CB41-4DF5-9C7F-225D2E1D8019}.Release|Any CPU.ActiveCfg = Release|Any CPU
		{EB7C4599-CB41-4DF5-9C7F-225D2E1D8019}.Release|Any CPU.Build.0 = Release|Any CPU
		{A271E3FC-A8CD-4651-A8F3-F7EC58E57767}.Debug|Any CPU.ActiveCfg = Debug|Any CPU
		{A271E3FC-A8CD-4651-A8F3-F7EC58E57767}.Debug|Any CPU.Build.0 = Debug|Any CPU
		{A271E3FC-A8CD-4651-A8F3-F7EC58E57767}.Release|Any CPU.ActiveCfg = Release|Any CPU
		{A271E3FC-A8CD-4651-A8F3-F7EC58E57767}.Release|Any CPU.Build.0 = Release|Any CPU
		{A9CBBB94-7C5E-47AD-B56E-7331865723CF}.Debug|Any CPU.ActiveCfg = Debug|Any CPU
		{A9CBBB94-7C5E-47AD-B56E-7331865723CF}.Debug|Any CPU.Build.0 = Debug|Any CPU
		{A9CBBB94-7C5E-47AD-B56E-7331865723CF}.Release|Any CPU.ActiveCfg = Release|Any CPU
		{A9CBBB94-7C5E-47AD-B56E-7331865723CF}.Release|Any CPU.Build.0 = Release|Any CPU
	EndGlobalSection
	GlobalSection(SolutionProperties) = preSolution
		HideSolutionNode = FALSE
	EndGlobalSection
EndGlobal
